
Microsoft Visual Studio Solution File, Format Version 12.00
# Visual Studio Version 16
VisualStudioVersion = 16.0.31205.134
MinimumVisualStudioVersion = 10.0.40219.1
Project("{FAE04EC0-301F-11D3-BF4B-00C04F79EFBC}") = "ProjekatDomain", "ProjekatDomain\ProjekatDomain.csproj", "{DE007A75-2C74-4DBA-B4FA-35EF3EA6AA23}"
EndProject
Project("{FAE04EC0-301F-11D3-BF4B-00C04F79EFBC}") = "ProjekatiApplication", "ProjekatiApplication\ProjekatiApplication.csproj", "{363806E3-D80A-4498-AC9B-EB0A8DBB3542}"
EndProject
Project("{FAE04EC0-301F-11D3-BF4B-00C04F79EFBC}") = "ProjekatImplementation", "ProjekatImplementation\ProjekatImplementation.csproj", "{020A9C7B-E980-4216-9A72-DC2E34252CF1}"
EndProject
Project("{FAE04EC0-301F-11D3-BF4B-00C04F79EFBC}") = "PorjekatDataAccsess", "PorjekatDataAccsess\PorjekatDataAccsess.csproj", "{BBA7A825-D215-400B-A393-F2243AEB903F}"
EndProject
Project("{FAE04EC0-301F-11D3-BF4B-00C04F79EFBC}") = "api", "api\api.csproj", "{43581245-5AEB-4ADD-AA5D-9FAE9C04A9DD}"
EndProject
Global
	GlobalSection(SolutionConfigurationPlatforms) = preSolution
		Debug|Any CPU = Debug|Any CPU
		Release|Any CPU = Release|Any CPU
	EndGlobalSection
	GlobalSection(ProjectConfigurationPlatforms) = postSolution
		{DE007A75-2C74-4DBA-B4FA-35EF3EA6AA23}.Debug|Any CPU.ActiveCfg = Debug|Any CPU
		{DE007A75-2C74-4DBA-B4FA-35EF3EA6AA23}.Debug|Any CPU.Build.0 = Debug|Any CPU
		{DE007A75-2C74-4DBA-B4FA-35EF3EA6AA23}.Release|Any CPU.ActiveCfg = Release|Any CPU
		{DE007A75-2C74-4DBA-B4FA-35EF3EA6AA23}.Release|Any CPU.Build.0 = Release|Any CPU
		{363806E3-D80A-4498-AC9B-EB0A8DBB3542}.Debug|Any CPU.ActiveCfg = Debug|Any CPU
		{363806E3-D80A-4498-AC9B-EB0A8DBB3542}.Debug|Any CPU.Build.0 = Debug|Any CPU
		{363806E3-D80A-4498-AC9B-EB0A8DBB3542}.Release|Any CPU.ActiveCfg = Release|Any CPU
		{363806E3-D80A-4498-AC9B-EB0A8DBB3542}.Release|Any CPU.Build.0 = Release|Any CPU
		{020A9C7B-E980-4216-9A72-DC2E34252CF1}.Debug|Any CPU.ActiveCfg = Debug|Any CPU
		{020A9C7B-E980-4216-9A72-DC2E34252CF1}.Debug|Any CPU.Build.0 = Debug|Any CPU
		{020A9C7B-E980-4216-9A72-DC2E34252CF1}.Release|Any CPU.ActiveCfg = Release|Any CPU
		{020A9C7B-E980-4216-9A72-DC2E34252CF1}.Release|Any CPU.Build.0 = Release|Any CPU
		{BBA7A825-D215-400B-A393-F2243AEB903F}.Debug|Any CPU.ActiveCfg = Debug|Any CPU
		{BBA7A825-D215-400B-A393-F2243AEB903F}.Debug|Any CPU.Build.0 = Debug|Any CPU
		{BBA7A825-D215-400B-A393-F2243AEB903F}.Release|Any CPU.ActiveCfg = Release|Any CPU
		{BBA7A825-D215-400B-A393-F2243AEB903F}.Release|Any CPU.Build.0 = Release|Any CPU
		{43581245-5AEB-4ADD-AA5D-9FAE9C04A9DD}.Debug|Any CPU.ActiveCfg = Debug|Any CPU
		{43581245-5AEB-4ADD-AA5D-9FAE9C04A9DD}.Debug|Any CPU.Build.0 = Debug|Any CPU
		{43581245-5AEB-4ADD-AA5D-9FAE9C04A9DD}.Release|Any CPU.ActiveCfg = Release|Any CPU
		{43581245-5AEB-4ADD-AA5D-9FAE9C04A9DD}.Release|Any CPU.Build.0 = Release|Any CPU
	EndGlobalSection
	GlobalSection(SolutionProperties) = preSolution
		HideSolutionNode = FALSE
	EndGlobalSection
	GlobalSection(ExtensibilityGlobals) = postSolution
		SolutionGuid = {CFD74D90-DCB8-44F5-B778-8B7F534E0C6C}
	EndGlobalSection
EndGlobal
